// !$*UTF8*$!
{
	archiveVersion = 1;
	classes = {
	};
	objectVersion = 77;
	objects = {

/* Begin PBXBuildFile section */
		3FD1BBB92CECD9730038E0F7 /* README.md in Resources */ = {isa = PBXBuildFile; fileRef = 3FD1BBB82CECD9730038E0F7 /* README.md */; };
		3FD1BBBB2CECDA550038E0F7 /* .gitignore in Resources */ = {isa = PBXBuildFile; fileRef = 3FD1BBBA2CECDA550038E0F7 /* .gitignore */; };
/* End PBXBuildFile section */

/* Begin PBXContainerItemProxy section */
		3FD1BA5A2CEC98560038E0F7 /* PBXContainerItemProxy */ = {
			isa = PBXContainerItemProxy;
			containerPortal = 3FD1BA412CEC98550038E0F7 /* Project object */;
			proxyType = 1;
			remoteGlobalIDString = 3FD1BA482CEC98550038E0F7;
			remoteInfo = Counter_iOS_TDD;
		};
		3FD1BB3D2CECBAD40038E0F7 /* PBXContainerItemProxy */ = {
			isa = PBXContainerItemProxy;
			containerPortal = 3FD1BA412CEC98550038E0F7 /* Project object */;
			proxyType = 1;
			remoteGlobalIDString = 3FD1BA482CEC98550038E0F7;
			remoteInfo = Counter_iOS_TDD;
		};
/* End PBXContainerItemProxy section */

/* Begin PBXFileReference section */
		3FD1BA492CEC98550038E0F7 /* Counter_iOS_TDD.app */ = {isa = PBXFileReference; explicitFileType = wrapper.application; includeInIndex = 0; path = Counter_iOS_TDD.app; sourceTree = BUILT_PRODUCTS_DIR; };
		3FD1BA592CEC98560038E0F7 /* Counter_iOS_TDDTests.xctest */ = {isa = PBXFileReference; explicitFileType = wrapper.cfbundle; includeInIndex = 0; path = Counter_iOS_TDDTests.xctest; sourceTree = BUILT_PRODUCTS_DIR; };
		3FD1BB372CECBAD40038E0F7 /* Counter_iOS_TDDUITests.xctest */ = {isa = PBXFileReference; explicitFileType = wrapper.cfbundle; includeInIndex = 0; path = Counter_iOS_TDDUITests.xctest; sourceTree = BUILT_PRODUCTS_DIR; };
		3FD1BBB82CECD9730038E0F7 /* README.md */ = {isa = PBXFileReference; lastKnownFileType = net.daringfireball.markdown; path = README.md; sourceTree = "<group>"; };
		3FD1BBBA2CECDA550038E0F7 /* .gitignore */ = {isa = PBXFileReference; lastKnownFileType = text; path = .gitignore; sourceTree = "<group>"; };
/* End PBXFileReference section */

/* Begin PBXFileSystemSynchronizedRootGroup section */
		3FD1BA4B2CEC98550038E0F7 /* Counter_iOS_TDD */ = {
			isa = PBXFileSystemSynchronizedRootGroup;
			path = Counter_iOS_TDD;
			sourceTree = "<group>";
		};
		3FD1BA5C2CEC98560038E0F7 /* Counter_iOS_TDDTests */ = {
			isa = PBXFileSystemSynchronizedRootGroup;
			path = Counter_iOS_TDDTests;
			sourceTree = "<group>";
		};
		3FD1BB382CECBAD40038E0F7 /* Counter_iOS_TDDUITests */ = {
			isa = PBXFileSystemSynchronizedRootGroup;
			path = Counter_iOS_TDDUITests;
			sourceTree = "<group>";
		};
/* End PBXFileSystemSynchronizedRootGroup section */

/* Begin PBXFrameworksBuildPhase section */
		3FD1BA462CEC98550038E0F7 /* Frameworks */ = {
			isa = PBXFrameworksBuildPhase;
			buildActionMask = 2147483647;
			files = (
			);
			runOnlyForDeploymentPostprocessing = 0;
		};
		3FD1BA562CEC98560038E0F7 /* Frameworks */ = {
			isa = PBXFrameworksBuildPhase;
			buildActionMask = 2147483647;
			files = (
			);
			runOnlyForDeploymentPostprocessing = 0;
		};
		3FD1BB342CECBAD40038E0F7 /* Frameworks */ = {
			isa = PBXFrameworksBuildPhase;
			buildActionMask = 2147483647;
			files = (
			);
			runOnlyForDeploymentPostprocessing = 0;
		};
/* End PBXFrameworksBuildPhase section */

/* Begin PBXGroup section */
		3FD1BA402CEC98550038E0F7 = {
			isa = PBXGroup;
			children = (
				3FD1BBBA2CECDA550038E0F7 /* .gitignore */,
				3FD1BBB82CECD9730038E0F7 /* README.md */,
				3FD1BA4B2CEC98550038E0F7 /* Counter_iOS_TDD */,
				3FD1BA5C2CEC98560038E0F7 /* Counter_iOS_TDDTests */,
				3FD1BB382CECBAD40038E0F7 /* Counter_iOS_TDDUITests */,
				3FD1BA4A2CEC98550038E0F7 /* Products */,
			);
			sourceTree = "<group>";
		};
		3FD1BA4A2CEC98550038E0F7 /* Products */ = {
			isa = PBXGroup;
			children = (
				3FD1BA492CEC98550038E0F7 /* Counter_iOS_TDD.app */,
				3FD1BA592CEC98560038E0F7 /* Counter_iOS_TDDTests.xctest */,
				3FD1BB372CECBAD40038E0F7 /* Counter_iOS_TDDUITests.xctest */,
			);
			name = Products;
			sourceTree = "<group>";
		};
/* End PBXGroup section */

/* Begin PBXNativeTarget section */
		3FD1BA482CEC98550038E0F7 /* Counter_iOS_TDD */ = {
			isa = PBXNativeTarget;
			buildConfigurationList = 3FD1BA6D2CEC98560038E0F7 /* Build configuration list for PBXNativeTarget "Counter_iOS_TDD" */;
			buildPhases = (
				3FD1BA452CEC98550038E0F7 /* Sources */,
				3FD1BA462CEC98550038E0F7 /* Frameworks */,
				3FD1BA472CEC98550038E0F7 /* Resources */,
			);
			buildRules = (
			);
			dependencies = (
			);
			fileSystemSynchronizedGroups = (
				3FD1BA4B2CEC98550038E0F7 /* Counter_iOS_TDD */,
			);
			name = Counter_iOS_TDD;
			packageProductDependencies = (
			);
			productName = Counter_iOS_TDD;
			productReference = 3FD1BA492CEC98550038E0F7 /* Counter_iOS_TDD.app */;
			productType = "com.apple.product-type.application";
		};
		3FD1BA582CEC98560038E0F7 /* Counter_iOS_TDDTests */ = {
			isa = PBXNativeTarget;
			buildConfigurationList = 3FD1BA702CEC98560038E0F7 /* Build configuration list for PBXNativeTarget "Counter_iOS_TDDTests" */;
			buildPhases = (
				3FD1BA552CEC98560038E0F7 /* Sources */,
				3FD1BA562CEC98560038E0F7 /* Frameworks */,
				3FD1BA572CEC98560038E0F7 /* Resources */,
			);
			buildRules = (
			);
			dependencies = (
				3FD1BA5B2CEC98560038E0F7 /* PBXTargetDependency */,
			);
			fileSystemSynchronizedGroups = (
				3FD1BA5C2CEC98560038E0F7 /* Counter_iOS_TDDTests */,
			);
			name = Counter_iOS_TDDTests;
			packageProductDependencies = (
			);
			productName = Counter_iOS_TDDTests;
			productReference = 3FD1BA592CEC98560038E0F7 /* Counter_iOS_TDDTests.xctest */;
			productType = "com.apple.product-type.bundle.unit-test";
		};
		3FD1BB362CECBAD40038E0F7 /* Counter_iOS_TDDUITests */ = {
			isa = PBXNativeTarget;
			buildConfigurationList = 3FD1BB3F2CECBAD40038E0F7 /* Build configuration list for PBXNativeTarget "Counter_iOS_TDDUITests" */;
			buildPhases = (
				3FD1BB332CECBAD40038E0F7 /* Sources */,
				3FD1BB342CECBAD40038E0F7 /* Frameworks */,
				3FD1BB352CECBAD40038E0F7 /* Resources */,
			);
			buildRules = (
			);
			dependencies = (
				3FD1BB3E2CECBAD40038E0F7 /* PBXTargetDependency */,
			);
			fileSystemSynchronizedGroups = (
				3FD1BB382CECBAD40038E0F7 /* Counter_iOS_TDDUITests */,
			);
			name = Counter_iOS_TDDUITests;
			packageProductDependencies = (
			);
			productName = Counter_iOS_TDDUITests;
			productReference = 3FD1BB372CECBAD40038E0F7 /* Counter_iOS_TDDUITests.xctest */;
			productType = "com.apple.product-type.bundle.ui-testing";
		};
/* End PBXNativeTarget section */

/* Begin PBXProject section */
		3FD1BA412CEC98550038E0F7 /* Project object */ = {
			isa = PBXProject;
			attributes = {
				BuildIndependentTargetsInParallel = 1;
				LastSwiftUpdateCheck = 1610;
				LastUpgradeCheck = 1610;
				TargetAttributes = {
					3FD1BA482CEC98550038E0F7 = {
						CreatedOnToolsVersion = 16.1;
					};
					3FD1BA582CEC98560038E0F7 = {
						CreatedOnToolsVersion = 16.1;
						TestTargetID = 3FD1BA482CEC98550038E0F7;
					};
					3FD1BB362CECBAD40038E0F7 = {
						CreatedOnToolsVersion = 16.1;
						TestTargetID = 3FD1BA482CEC98550038E0F7;
					};
				};
			};
			buildConfigurationList = 3FD1BA442CEC98550038E0F7 /* Build configuration list for PBXProject "Counter_iOS_TDD" */;
			developmentRegion = en;
			hasScannedForEncodings = 0;
			knownRegions = (
				en,
				Base,
			);
			mainGroup = 3FD1BA402CEC98550038E0F7;
			minimizedProjectReferenceProxies = 1;
			preferredProjectObjectVersion = 77;
			productRefGroup = 3FD1BA4A2CEC98550038E0F7 /* Products */;
			projectDirPath = "";
			projectRoot = "";
			targets = (
				3FD1BA482CEC98550038E0F7 /* Counter_iOS_TDD */,
				3FD1BA582CEC98560038E0F7 /* Counter_iOS_TDDTests */,
				3FD1BB362CECBAD40038E0F7 /* Counter_iOS_TDDUITests */,
			);
		};
/* End PBXProject section */

/* Begin PBXResourcesBuildPhase section */
		3FD1BA472CEC98550038E0F7 /* Resources */ = {
			isa = PBXResourcesBuildPhase;
			buildActionMask = 2147483647;
			files = (
				3FD1BBBB2CECDA550038E0F7 /* .gitignore in Resources */,
				3FD1BBB92CECD9730038E0F7 /* README.md in Resources */,
			);
			runOnlyForDeploymentPostprocessing = 0;
		};
		3FD1BA572CEC98560038E0F7 /* Resources */ = {
			isa = PBXResourcesBuildPhase;
			buildActionMask = 2147483647;
			files = (
			);
			runOnlyForDeploymentPostprocessing = 0;
		};
		3FD1BB352CECBAD40038E0F7 /* Resources */ = {
			isa = PBXResourcesBuildPhase;
			buildActionMask = 2147483647;
			files = (
			);
			runOnlyForDeploymentPostprocessing = 0;
		};
/* End PBXResourcesBuildPhase section */

/* Begin PBXSourcesBuildPhase section */
		3FD1BA452CEC98550038E0F7 /* Sources */ = {
			isa = PBXSourcesBuildPhase;
			buildActionMask = 2147483647;
			files = (
			);
			runOnlyForDeploymentPostprocessing = 0;
		};
		3FD1BA552CEC98560038E0F7 /* Sources */ = {
			isa = PBXSourcesBuildPhase;
			buildActionMask = 2147483647;
			files = (
			);
			runOnlyForDeploymentPostprocessing = 0;
		};
		3FD1BB332CECBAD40038E0F7 /* Sources */ = {
			isa = PBXSourcesBuildPhase;
			buildActionMask = 2147483647;
			files = (
			);
			runOnlyForDeploymentPostprocessing = 0;
		};
/* End PBXSourcesBuildPhase section */

/* Begin PBXTargetDependency section */
		3FD1BA5B2CEC98560038E0F7 /* PBXTargetDependency */ = {
			isa = PBXTargetDependency;
			target = 3FD1BA482CEC98550038E0F7 /* Counter_iOS_TDD */;
			targetProxy = 3FD1BA5A2CEC98560038E0F7 /* PBXContainerItemProxy */;
		};
		3FD1BB3E2CECBAD40038E0F7 /* PBXTargetDependency */ = {
			isa = PBXTargetDependency;
			target = 3FD1BA482CEC98550038E0F7 /* Counter_iOS_TDD */;
			targetProxy = 3FD1BB3D2CECBAD40038E0F7 /* PBXContainerItemProxy */;
		};
/* End PBXTargetDependency section */

/* Begin XCBuildConfiguration section */
		3FD1BA6B2CEC98560038E0F7 /* Debug */ = {
			isa = XCBuildConfiguration;
			buildSettings = {
				ALWAYS_SEARCH_USER_PATHS = NO;
				ASSETCATALOG_COMPILER_GENERATE_SWIFT_ASSET_SYMBOL_EXTENSIONS = YES;
				CLANG_ANALYZER_NONNULL = YES;
				CLANG_ANALYZER_NUMBER_OBJECT_CONVERSION = YES_AGGRESSIVE;
				CLANG_CXX_LANGUAGE_STANDARD = "gnu++20";
				CLANG_ENABLE_MODULES = YES;
				CLANG_ENABLE_OBJC_ARC = YES;
				CLANG_ENABLE_OBJC_WEAK = YES;
				CLANG_WARN_BLOCK_CAPTURE_AUTORELEASING = YES;
				CLANG_WARN_BOOL_CONVERSION = YES;
				CLANG_WARN_COMMA = YES;
				CLANG_WARN_CONSTANT_CONVERSION = YES;
				CLANG_WARN_DEPRECATED_OBJC_IMPLEMENTATIONS = YES;
				CLANG_WARN_DIRECT_OBJC_ISA_USAGE = YES_ERROR;
				CLANG_WARN_DOCUMENTATION_COMMENTS = YES;
				CLANG_WARN_EMPTY_BODY = YES;
				CLANG_WARN_ENUM_CONVERSION = YES;
				CLANG_WARN_INFINITE_RECURSION = YES;
				CLANG_WARN_INT_CONVERSION = YES;
				CLANG_WARN_NON_LITERAL_NULL_CONVERSION = YES;
				CLANG_WARN_OBJC_IMPLICIT_RETAIN_SELF = YES;
				CLANG_WARN_OBJC_LITERAL_CONVERSION = YES;
				CLANG_WARN_OBJC_ROOT_CLASS = YES_ERROR;
				CLANG_WARN_QUOTED_INCLUDE_IN_FRAMEWORK_HEADER = YES;
				CLANG_WARN_RANGE_LOOP_ANALYSIS = YES;
				CLANG_WARN_STRICT_PROTOTYPES = YES;
				CLANG_WARN_SUSPICIOUS_MOVE = YES;
				CLANG_WARN_UNGUARDED_AVAILABILITY = YES_AGGRESSIVE;
				CLANG_WARN_UNREACHABLE_CODE = YES;
				CLANG_WARN__DUPLICATE_METHOD_MATCH = YES;
				COPY_PHASE_STRIP = NO;
				DEBUG_INFORMATION_FORMAT = dwarf;
				ENABLE_STRICT_OBJC_MSGSEND = YES;
				ENABLE_TESTABILITY = YES;
				ENABLE_USER_SCRIPT_SANDBOXING = YES;
				GCC_C_LANGUAGE_STANDARD = gnu17;
				GCC_DYNAMIC_NO_PIC = NO;
				GCC_NO_COMMON_BLOCKS = YES;
				GCC_OPTIMIZATION_LEVEL = 0;
				GCC_PREPROCESSOR_DEFINITIONS = (
					"DEBUG=1",
					"$(inherited)",
				);
				GCC_WARN_64_TO_32_BIT_CONVERSION = YES;
				GCC_WARN_ABOUT_RETURN_TYPE = YES_ERROR;
				GCC_WARN_UNDECLARED_SELECTOR = YES;
				GCC_WARN_UNINITIALIZED_AUTOS = YES_AGGRESSIVE;
				GCC_WARN_UNUSED_FUNCTION = YES;
				GCC_WARN_UNUSED_VARIABLE = YES;
				IPHONEOS_DEPLOYMENT_TARGET = 18.1;
				LOCALIZATION_PREFERS_STRING_CATALOGS = YES;
				MTL_ENABLE_DEBUG_INFO = INCLUDE_SOURCE;
				MTL_FAST_MATH = YES;
				ONLY_ACTIVE_ARCH = YES;
				SDKROOT = iphoneos;
				SWIFT_ACTIVE_COMPILATION_CONDITIONS = "DEBUG $(inherited)";
				SWIFT_OPTIMIZATION_LEVEL = "-Onone";
			};
			name = Debug;
		};
		3FD1BA6C2CEC98560038E0F7 /* Release */ = {
			isa = XCBuildConfiguration;
			buildSettings = {
				ALWAYS_SEARCH_USER_PATHS = NO;
				ASSETCATALOG_COMPILER_GENERATE_SWIFT_ASSET_SYMBOL_EXTENSIONS = YES;
				CLANG_ANALYZER_NONNULL = YES;
				CLANG_ANALYZER_NUMBER_OBJECT_CONVERSION = YES_AGGRESSIVE;
				CLANG_CXX_LANGUAGE_STANDARD = "gnu++20";
				CLANG_ENABLE_MODULES = YES;
				CLANG_ENABLE_OBJC_ARC = YES;
				CLANG_ENABLE_OBJC_WEAK = YES;
				CLANG_WARN_BLOCK_CAPTURE_AUTORELEASING = YES;
				CLANG_WARN_BOOL_CONVERSION = YES;
				CLANG_WARN_COMMA = YES;
				CLANG_WARN_CONSTANT_CONVERSION = YES;
				CLANG_WARN_DEPRECATED_OBJC_IMPLEMENTATIONS = YES;
				CLANG_WARN_DIRECT_OBJC_ISA_USAGE = YES_ERROR;
				CLANG_WARN_DOCUMENTATION_COMMENTS = YES;
				CLANG_WARN_EMPTY_BODY = YES;
				CLANG_WARN_ENUM_CONVERSION = YES;
				CLANG_WARN_INFINITE_RECURSION = YES;
				CLANG_WARN_INT_CONVERSION = YES;
				CLANG_WARN_NON_LITERAL_NULL_CONVERSION = YES;
				CLANG_WARN_OBJC_IMPLICIT_RETAIN_SELF = YES;
				CLANG_WARN_OBJC_LITERAL_CONVERSION = YES;
				CLANG_WARN_OBJC_ROOT_CLASS = YES_ERROR;
				CLANG_WARN_QUOTED_INCLUDE_IN_FRAMEWORK_HEADER = YES;
				CLANG_WARN_RANGE_LOOP_ANALYSIS = YES;
				CLANG_WARN_STRICT_PROTOTYPES = YES;
				CLANG_WARN_SUSPICIOUS_MOVE = YES;
				CLANG_WARN_UNGUARDED_AVAILABILITY = YES_AGGRESSIVE;
				CLANG_WARN_UNREACHABLE_CODE = YES;
				CLANG_WARN__DUPLICATE_METHOD_MATCH = YES;
				COPY_PHASE_STRIP = NO;
				DEBUG_INFORMATION_FORMAT = "dwarf-with-dsym";
				ENABLE_NS_ASSERTIONS = NO;
				ENABLE_STRICT_OBJC_MSGSEND = YES;
				ENABLE_USER_SCRIPT_SANDBOXING = YES;
				GCC_C_LANGUAGE_STANDARD = gnu17;
				GCC_NO_COMMON_BLOCKS = YES;
				GCC_WARN_64_TO_32_BIT_CONVERSION = YES;
				GCC_WARN_ABOUT_RETURN_TYPE = YES_ERROR;
				GCC_WARN_UNDECLARED_SELECTOR = YES;
				GCC_WARN_UNINITIALIZED_AUTOS = YES_AGGRESSIVE;
				GCC_WARN_UNUSED_FUNCTION = YES;
				GCC_WARN_UNUSED_VARIABLE = YES;
				IPHONEOS_DEPLOYMENT_TARGET = 18.1;
				LOCALIZATION_PREFERS_STRING_CATALOGS = YES;
				MTL_ENABLE_DEBUG_INFO = NO;
				MTL_FAST_MATH = YES;
				SDKROOT = iphoneos;
				SWIFT_COMPILATION_MODE = wholemodule;
				VALIDATE_PRODUCT = YES;
			};
			name = Release;
		};
		3FD1BA6E2CEC98560038E0F7 /* Debug */ = {
			isa = XCBuildConfiguration;
			buildSettings = {
				ASSETCATALOG_COMPILER_APPICON_NAME = AppIcon;
				ASSETCATALOG_COMPILER_GLOBAL_ACCENT_COLOR_NAME = AccentColor;
				CODE_SIGN_STYLE = Automatic;
				CURRENT_PROJECT_VERSION = 1;
				DEVELOPMENT_ASSET_PATHS = "\"Counter_iOS_TDD/Preview Content\"";
				DEVELOPMENT_TEAM = T7DNKZJ8CN;
				ENABLE_PREVIEWS = YES;
				GENERATE_INFOPLIST_FILE = YES;
				INFOPLIST_KEY_UIApplicationSceneManifest_Generation = YES;
				INFOPLIST_KEY_UIApplicationSupportsIndirectInputEvents = YES;
				INFOPLIST_KEY_UILaunchScreen_Generation = YES;
				INFOPLIST_KEY_UISupportedInterfaceOrientations_iPad = "UIInterfaceOrientationPortrait UIInterfaceOrientationPortraitUpsideDown UIInterfaceOrientationLandscapeLeft UIInterfaceOrientationLandscapeRight";
				INFOPLIST_KEY_UISupportedInterfaceOrientations_iPhone = "UIInterfaceOrientationPortrait UIInterfaceOrientationLandscapeLeft UIInterfaceOrientationLandscapeRight";
				IPHONEOS_DEPLOYMENT_TARGET = 16.6;
				LD_RUNPATH_SEARCH_PATHS = (
					"$(inherited)",
					"@executable_path/Frameworks",
				);
				MARKETING_VERSION = 1.0;
				PRODUCT_BUNDLE_IDENTIFIER = "com.concurrency.Counter-iOS-TDD";
				PRODUCT_NAME = "$(TARGET_NAME)";
				SWIFT_EMIT_LOC_STRINGS = YES;
				SWIFT_VERSION = 5.0;
				TARGETED_DEVICE_FAMILY = "1,2";
			};
			name = Debug;
		};
		3FD1BA6F2CEC98560038E0F7 /* Release */ = {
			isa = XCBuildConfiguration;
			buildSettings = {
				ASSETCATALOG_COMPILER_APPICON_NAME = AppIcon;
				ASSETCATALOG_COMPILER_GLOBAL_ACCENT_COLOR_NAME = AccentColor;
				CODE_SIGN_STYLE = Automatic;
				CURRENT_PROJECT_VERSION = 1;
				DEVELOPMENT_ASSET_PATHS = "\"Counter_iOS_TDD/Preview Content\"";
				DEVELOPMENT_TEAM = T7DNKZJ8CN;
				ENABLE_PREVIEWS = YES;
				GENERATE_INFOPLIST_FILE = YES;
				INFOPLIST_KEY_UIApplicationSceneManifest_Generation = YES;
				INFOPLIST_KEY_UIApplicationSupportsIndirectInputEvents = YES;
				INFOPLIST_KEY_UILaunchScreen_Generation = YES;
				INFOPLIST_KEY_UISupportedInterfaceOrientations_iPad = "UIInterfaceOrientationPortrait UIInterfaceOrientationPortraitUpsideDown UIInterfaceOrientationLandscapeLeft UIInterfaceOrientationLandscapeRight";
				INFOPLIST_KEY_UISupportedInterfaceOrientations_iPhone = "UIInterfaceOrientationPortrait UIInterfaceOrientationLandscapeLeft UIInterfaceOrientationLandscapeRight";
				IPHONEOS_DEPLOYMENT_TARGET = 16.6;
				LD_RUNPATH_SEARCH_PATHS = (
					"$(inherited)",
					"@executable_path/Frameworks",
				);
				MARKETING_VERSION = 1.0;
				PRODUCT_BUNDLE_IDENTIFIER = "com.concurrency.Counter-iOS-TDD";
				PRODUCT_NAME = "$(TARGET_NAME)";
				SWIFT_EMIT_LOC_STRINGS = YES;
				SWIFT_VERSION = 5.0;
				TARGETED_DEVICE_FAMILY = "1,2";
			};
			name = Release;
		};
		3FD1BA712CEC98560038E0F7 /* Debug */ = {
			isa = XCBuildConfiguration;
			buildSettings = {
				BUNDLE_LOADER = "$(TEST_HOST)";
				CODE_SIGN_STYLE = Automatic;
				CURRENT_PROJECT_VERSION = 1;
				DEVELOPMENT_TEAM = T7DNKZJ8CN;
				GENERATE_INFOPLIST_FILE = YES;
				IPHONEOS_DEPLOYMENT_TARGET = 18.1;
				MARKETING_VERSION = 1.0;
				PRODUCT_BUNDLE_IDENTIFIER = "com.concurrency.Counter-iOS-TDDTests";
				PRODUCT_NAME = "$(TARGET_NAME)";
				SWIFT_EMIT_LOC_STRINGS = NO;
				SWIFT_VERSION = 5.0;
				TARGETED_DEVICE_FAMILY = "1,2";
				TEST_HOST = "$(BUILT_PRODUCTS_DIR)/Counter_iOS_TDD.app/$(BUNDLE_EXECUTABLE_FOLDER_PATH)/Counter_iOS_TDD";
			};
			name = Debug;
		};
		3FD1BA722CEC98560038E0F7 /* Release */ = {
			isa = XCBuildConfiguration;
			buildSettings = {
				BUNDLE_LOADER = "$(TEST_HOST)";
				CODE_SIGN_STYLE = Automatic;
				CURRENT_PROJECT_VERSION = 1;
				DEVELOPMENT_TEAM = T7DNKZJ8CN;
				GENERATE_INFOPLIST_FILE = YES;
				IPHONEOS_DEPLOYMENT_TARGET = 18.1;
				MARKETING_VERSION = 1.0;
				PRODUCT_BUNDLE_IDENTIFIER = "com.concurrency.Counter-iOS-TDDTests";
				PRODUCT_NAME = "$(TARGET_NAME)";
				SWIFT_EMIT_LOC_STRINGS = NO;
				SWIFT_VERSION = 5.0;
				TARGETED_DEVICE_FAMILY = "1,2";
				TEST_HOST = "$(BUILT_PRODUCTS_DIR)/Counter_iOS_TDD.app/$(BUNDLE_EXECUTABLE_FOLDER_PATH)/Counter_iOS_TDD";
			};
			name = Release;
		};
		3FD1BB402CECBAD40038E0F7 /* Debug */ = {
			isa = XCBuildConfiguration;
			buildSettings = {
				CODE_SIGN_STYLE = Automatic;
				CURRENT_PROJECT_VERSION = 1;
				DEVELOPMENT_TEAM = T7DNKZJ8CN;
				GENERATE_INFOPLIST_FILE = YES;
				MARKETING_VERSION = 1.0;
				PRODUCT_BUNDLE_IDENTIFIER = "com.concurrency.Counter-iOS-TDDUITests";
				PRODUCT_NAME = "$(TARGET_NAME)";
				SWIFT_EMIT_LOC_STRINGS = NO;
				SWIFT_VERSION = 5.0;
				TARGETED_DEVICE_FAMILY = "1,2";
				TEST_TARGET_NAME = Counter_iOS_TDD;
			};
			name = Debug;
		};
		3FD1BB412CECBAD40038E0F7 /* Release */ = {
			isa = XCBuildConfiguration;
			buildSettings = {
				CODE_SIGN_STYLE = Automatic;
				CURRENT_PROJECT_VERSION = 1;
				DEVELOPMENT_TEAM = T7DNKZJ8CN;
				GENERATE_INFOPLIST_FILE = YES;
				MARKETING_VERSION = 1.0;
				PRODUCT_BUNDLE_IDENTIFIER = "com.concurrency.Counter-iOS-TDDUITests";
				PRODUCT_NAME = "$(TARGET_NAME)";
				SWIFT_EMIT_LOC_STRINGS = NO;
				SWIFT_VERSION = 5.0;
				TARGETED_DEVICE_FAMILY = "1,2";
				TEST_TARGET_NAME = Counter_iOS_TDD;
			};
			name = Release;
		};
/* End XCBuildConfiguration section */

/* Begin XCConfigurationList section */
		3FD1BA442CEC98550038E0F7 /* Build configuration list for PBXProject "Counter_iOS_TDD" */ = {
			isa = XCConfigurationList;
			buildConfigurations = (
				3FD1BA6B2CEC98560038E0F7 /* Debug */,
				3FD1BA6C2CEC98560038E0F7 /* Release */,
			);
			defaultConfigurationIsVisible = 0;
			defaultConfigurationName = Release;
		};
		3FD1BA6D2CEC98560038E0F7 /* Build configuration list for PBXNativeTarget "Counter_iOS_TDD" */ = {
			isa = XCConfigurationList;
			buildConfigurations = (
				3FD1BA6E2CEC98560038E0F7 /* Debug */,
				3FD1BA6F2CEC98560038E0F7 /* Release */,
			);
			defaultConfigurationIsVisible = 0;
			defaultConfigurationName = Release;
		};
		3FD1BA702CEC98560038E0F7 /* Build configuration list for PBXNativeTarget "Counter_iOS_TDDTests" */ = {
			isa = XCConfigurationList;
			buildConfigurations = (
				3FD1BA712CEC98560038E0F7 /* Debug */,
				3FD1BA722CEC98560038E0F7 /* Release */,
			);
			defaultConfigurationIsVisible = 0;
			defaultConfigurationName = Release;
		};
		3FD1BB3F2CECBAD40038E0F7 /* Build configuration list for PBXNativeTarget "Counter_iOS_TDDUITests" */ = {
			isa = XCConfigurationList;
			buildConfigurations = (
				3FD1BB402CECBAD40038E0F7 /* Debug */,
				3FD1BB412CECBAD40038E0F7 /* Release */,
			);
			defaultConfigurationIsVisible = 0;
			defaultConfigurationName = Release;
		};
/* End XCConfigurationList section */
	};
	rootObject = 3FD1BA412CEC98550038E0F7 /* Project object */;
}
